
Microsoft Visual Studio Solution File, Format Version 12.00
# Visual Studio Version 17
VisualStudioVersion = 17.10.35013.160
MinimumVisualStudioVersion = 10.0.40219.1
Project("{FAE04EC0-301F-11D3-BF4B-00C04F79EFBC}") = "geneator černého humoru", "geneator černého humoru\geneator černého humoru.csproj", "{37C0A62A-87F9-45AE-B8F5-53C08FF95C62}"
EndProject
Global
	GlobalSection(SolutionConfigurationPlatforms) = preSolution
		Debug|Any CPU = Debug|Any CPU
		Release|Any CPU = Release|Any CPU
	EndGlobalSection
	GlobalSection(ProjectConfigurationPlatforms) = postSolution
		{37C0A62A-87F9-45AE-B8F5-53C08FF95C62}.Debug|Any CPU.ActiveCfg = Debug|Any CPU
		{37C0A62A-87F9-45AE-B8F5-53C08FF95C62}.Debug|Any CPU.Build.0 = Debug|Any CPU
		{37C0A62A-87F9-45AE-B8F5-53C08FF95C62}.Release|Any CPU.ActiveCfg = Release|Any CPU
		{37C0A62A-87F9-45AE-B8F5-53C08FF95C62}.Release|Any CPU.Build.0 = Release|Any CPU
	EndGlobalSection
	GlobalSection(SolutionProperties) = preSolution
		HideSolutionNode = FALSE
	EndGlobalSection
	GlobalSection(ExtensibilityGlobals) = postSolution
		SolutionGuid = {BC1E90C0-5A53-4DAA-8090-BBA5F9B9770A}
	EndGlobalSection
EndGlobal
